
Microsoft Visual Studio Solution File, Format Version 12.00
# Visual Studio Version 17
VisualStudioVersion = 17.0.32014.148
MinimumVisualStudioVersion = 10.0.40219.1
Project("{FAE04EC0-301F-11D3-BF4B-00C04F79EFBC}") = "DataDrivenKsp", "DataDrivenKsp\DataDrivenKsp.csproj", "{103CB75C-078E-40DA-90DD-352A54F8FAC8}"
EndProject
Global
	GlobalSection(SolutionConfigurationPlatforms) = preSolution
		Debug|Any CPU = Debug|Any CPU
		Release|Any CPU = Release|Any CPU
	EndGlobalSection
	GlobalSection(ProjectConfigurationPlatforms) = postSolution
		{103CB75C-078E-40DA-90DD-352A54F8FAC8}.Debug|Any CPU.ActiveCfg = Debug|Any CPU
		{103CB75C-078E-40DA-90DD-352A54F8FAC8}.Debug|Any CPU.Build.0 = Debug|Any CPU
		{103CB75C-078E-40DA-90DD-352A54F8FAC8}.Release|Any CPU.ActiveCfg = Release|Any CPU
		{103CB75C-078E-40DA-90DD-352A54F8FAC8}.Release|Any CPU.Build.0 = Release|Any CPU
	EndGlobalSection
	GlobalSection(SolutionProperties) = preSolution
		HideSolutionNode = FALSE
	EndGlobalSection
	GlobalSection(ExtensibilityGlobals) = postSolution
		SolutionGuid = {8689B0B4-0DDD-48F6-9B4F-058840D4F41A}
	EndGlobalSection
EndGlobal
